
Microsoft Visual Studio Solution File, Format Version 12.00
# Visual Studio Version 16
VisualStudioVersion = 16.0.31624.102
MinimumVisualStudioVersion = 10.0.40219.1
Project("{FAE04EC0-301F-11D3-BF4B-00C04F79EFBC}") = "ClientReservasi-087", "ClientReservasi-087\ClientReservasi-087.csproj", "{AD034CDD-0BD8-49B9-860E-6C247BEBCBCA}"
EndProject
Global
	GlobalSection(SolutionConfigurationPlatforms) = preSolution
		Debug|Any CPU = Debug|Any CPU
		Release|Any CPU = Release|Any CPU
	EndGlobalSection
	GlobalSection(ProjectConfigurationPlatforms) = postSolution
		{AD034CDD-0BD8-49B9-860E-6C247BEBCBCA}.Debug|Any CPU.ActiveCfg = Debug|Any CPU
		{AD034CDD-0BD8-49B9-860E-6C247BEBCBCA}.Debug|Any CPU.Build.0 = Debug|Any CPU
		{AD034CDD-0BD8-49B9-860E-6C247BEBCBCA}.Release|Any CPU.ActiveCfg = Release|Any CPU
		{AD034CDD-0BD8-49B9-860E-6C247BEBCBCA}.Release|Any CPU.Build.0 = Release|Any CPU
	EndGlobalSection
	GlobalSection(SolutionProperties) = preSolution
		HideSolutionNode = FALSE
	EndGlobalSection
	GlobalSection(ExtensibilityGlobals) = postSolution
		SolutionGuid = {4E1819EC-E99B-44FB-93E0-A9B7F5A393A9}
	EndGlobalSection
EndGlobal
